
Microsoft Visual Studio Solution File, Format Version 12.00
# Visual Studio Version 16
VisualStudioVersion = 16.0.30204.135
MinimumVisualStudioVersion = 10.0.40219.1
Project("{2150E333-8FDC-42A3-9474-1A3956D46DE8}") = "framework", "framework", "{059E058D-86D2-48EC-AB12-E926B9AD1855}"
EndProject
Project("{9A19103F-16F7-4668-BE54-9A1E7A4F7556}") = "Shearlegs.API", "framework\Shearlegs.API\Shearlegs.API.csproj", "{160E91E1-5949-4F8B-AA1F-A905B4181D66}"
EndProject
Project("{9A19103F-16F7-4668-BE54-9A1E7A4F7556}") = "Shearlegs.Core", "framework\Shearlegs.Core\Shearlegs.Core.csproj", "{65D6F76D-4757-4307-BAB3-B689BAE4C7C9}"
EndProject
Project("{9A19103F-16F7-4668-BE54-9A1E7A4F7556}") = "Shearlegs.Runtime", "framework\Shearlegs.Runtime\Shearlegs.Runtime.csproj", "{067FD223-CC96-4B68-B1EA-455DDACE5413}"
EndProject
Project("{2150E333-8FDC-42A3-9474-1A3956D46DE8}") = "samples", "samples", "{D87E0251-7E48-45D8-9E79-79B85A68B65F}"
EndProject
Project("{2150E333-8FDC-42A3-9474-1A3956D46DE8}") = "web", "web", "{8BE27CC9-EE8E-4571-AF1B-3F8E4952F2CC}"
EndProject
Project("{9A19103F-16F7-4668-BE54-9A1E7A4F7556}") = "Shearlegs.Web.Client", "web\Client\Shearlegs.Web.Client.csproj", "{3939F3E5-9256-4D98-9282-FDB8668E0A3E}"
EndProject
Project("{9A19103F-16F7-4668-BE54-9A1E7A4F7556}") = "Shearlegs.Web.Server", "web\Server\Shearlegs.Web.Server.csproj", "{457098BC-F6BB-465D-B198-7F3B41504A64}"
EndProject
Project("{9A19103F-16F7-4668-BE54-9A1E7A4F7556}") = "Shearlegs.Web.Shared", "web\Shared\Shearlegs.Web.Shared.csproj", "{5ECFFF1B-0D64-496C-AF25-606CFD4979E6}"
EndProject
Project("{9A19103F-16F7-4668-BE54-9A1E7A4F7556}") = "SimpleQuery", "samples\SimpleQuery\SimpleQuery.csproj", "{11533676-1F87-41E4-86CE-ED551C36A040}"
EndProject
Project("{00D1A9C2-B5F0-4AF3-8072-F6C62B433612}") = "Shearlegs.Web.Database", "web\Database\Shearlegs.Web.Database.sqlproj", "{A97185A8-3F59-4BD9-A42B-80B0DCA3602B}"
EndProject
Project("{9A19103F-16F7-4668-BE54-9A1E7A4F7556}") = "SimpleQueryTest", "samples\SimpleQueryTest\SimpleQueryTest.csproj", "{CC32D754-E8DB-4E10-94F3-75B67FC0CCB4}"
EndProject
Global
	GlobalSection(SolutionConfigurationPlatforms) = preSolution
		Debug|Any CPU = Debug|Any CPU
		Release|Any CPU = Release|Any CPU
	EndGlobalSection
	GlobalSection(ProjectConfigurationPlatforms) = postSolution
		{160E91E1-5949-4F8B-AA1F-A905B4181D66}.Debug|Any CPU.ActiveCfg = Debug|Any CPU
		{160E91E1-5949-4F8B-AA1F-A905B4181D66}.Debug|Any CPU.Build.0 = Debug|Any CPU
		{160E91E1-5949-4F8B-AA1F-A905B4181D66}.Release|Any CPU.ActiveCfg = Release|Any CPU
		{160E91E1-5949-4F8B-AA1F-A905B4181D66}.Release|Any CPU.Build.0 = Release|Any CPU
		{65D6F76D-4757-4307-BAB3-B689BAE4C7C9}.Debug|Any CPU.ActiveCfg = Debug|Any CPU
		{65D6F76D-4757-4307-BAB3-B689BAE4C7C9}.Debug|Any CPU.Build.0 = Debug|Any CPU
		{65D6F76D-4757-4307-BAB3-B689BAE4C7C9}.Release|Any CPU.ActiveCfg = Release|Any CPU
		{65D6F76D-4757-4307-BAB3-B689BAE4C7C9}.Release|Any CPU.Build.0 = Release|Any CPU
		{067FD223-CC96-4B68-B1EA-455DDACE5413}.Debug|Any CPU.ActiveCfg = Debug|Any CPU
		{067FD223-CC96-4B68-B1EA-455DDACE5413}.Debug|Any CPU.Build.0 = Debug|Any CPU
		{067FD223-CC96-4B68-B1EA-455DDACE5413}.Release|Any CPU.ActiveCfg = Release|Any CPU
		{067FD223-CC96-4B68-B1EA-455DDACE5413}.Release|Any CPU.Build.0 = Release|Any CPU
		{3939F3E5-9256-4D98-9282-FDB8668E0A3E}.Debug|Any CPU.ActiveCfg = Debug|Any CPU
		{3939F3E5-9256-4D98-9282-FDB8668E0A3E}.Debug|Any CPU.Build.0 = Debug|Any CPU
		{3939F3E5-9256-4D98-9282-FDB8668E0A3E}.Release|Any CPU.ActiveCfg = Release|Any CPU
		{3939F3E5-9256-4D98-9282-FDB8668E0A3E}.Release|Any CPU.Build.0 = Release|Any CPU
		{457098BC-F6BB-465D-B198-7F3B41504A64}.Debug|Any CPU.ActiveCfg = Debug|Any CPU
		{457098BC-F6BB-465D-B198-7F3B41504A64}.Debug|Any CPU.Build.0 = Debug|Any CPU
		{457098BC-F6BB-465D-B198-7F3B41504A64}.Release|Any CPU.ActiveCfg = Release|Any CPU
		{457098BC-F6BB-465D-B198-7F3B41504A64}.Release|Any CPU.Build.0 = Release|Any CPU
		{5ECFFF1B-0D64-496C-AF25-606CFD4979E6}.Debug|Any CPU.ActiveCfg = Debug|Any CPU
		{5ECFFF1B-0D64-496C-AF25-606CFD4979E6}.Debug|Any CPU.Build.0 = Debug|Any CPU
		{5ECFFF1B-0D64-496C-AF25-606CFD4979E6}.Release|Any CPU.ActiveCfg = Release|Any CPU
		{5ECFFF1B-0D64-496C-AF25-606CFD4979E6}.Release|Any CPU.Build.0 = Release|Any CPU
		{11533676-1F87-41E4-86CE-ED551C36A040}.Debug|Any CPU.ActiveCfg = Debug|Any CPU
		{11533676-1F87-41E4-86CE-ED551C36A040}.Debug|Any CPU.Build.0 = Debug|Any CPU
		{11533676-1F87-41E4-86CE-ED551C36A040}.Release|Any CPU.ActiveCfg = Release|Any CPU
		{11533676-1F87-41E4-86CE-ED551C36A040}.Release|Any CPU.Build.0 = Release|Any CPU
		{A97185A8-3F59-4BD9-A42B-80B0DCA3602B}.Debug|Any CPU.ActiveCfg = Debug|Any CPU
		{A97185A8-3F59-4BD9-A42B-80B0DCA3602B}.Debug|Any CPU.Build.0 = Debug|Any CPU
		{A97185A8-3F59-4BD9-A42B-80B0DCA3602B}.Debug|Any CPU.Deploy.0 = Debug|Any CPU
		{A97185A8-3F59-4BD9-A42B-80B0DCA3602B}.Release|Any CPU.ActiveCfg = Release|Any CPU
		{A97185A8-3F59-4BD9-A42B-80B0DCA3602B}.Release|Any CPU.Build.0 = Release|Any CPU
		{A97185A8-3F59-4BD9-A42B-80B0DCA3602B}.Release|Any CPU.Deploy.0 = Release|Any CPU
		{CC32D754-E8DB-4E10-94F3-75B67FC0CCB4}.Debug|Any CPU.ActiveCfg = Debug|Any CPU
		{CC32D754-E8DB-4E10-94F3-75B67FC0CCB4}.Debug|Any CPU.Build.0 = Debug|Any CPU
		{CC32D754-E8DB-4E10-94F3-75B67FC0CCB4}.Release|Any CPU.ActiveCfg = Release|Any CPU
		{CC32D754-E8DB-4E10-94F3-75B67FC0CCB4}.Release|Any CPU.Build.0 = Release|Any CPU
	EndGlobalSection
	GlobalSection(SolutionProperties) = preSolution
		HideSolutionNode = FALSE
	EndGlobalSection
	GlobalSection(NestedProjects) = preSolution
		{160E91E1-5949-4F8B-AA1F-A905B4181D66} = {059E058D-86D2-48EC-AB12-E926B9AD1855}
		{65D6F76D-4757-4307-BAB3-B689BAE4C7C9} = {059E058D-86D2-48EC-AB12-E926B9AD1855}
		{067FD223-CC96-4B68-B1EA-455DDACE5413} = {059E058D-86D2-48EC-AB12-E926B9AD1855}
		{3939F3E5-9256-4D98-9282-FDB8668E0A3E} = {8BE27CC9-EE8E-4571-AF1B-3F8E4952F2CC}
		{457098BC-F6BB-465D-B198-7F3B41504A64} = {8BE27CC9-EE8E-4571-AF1B-3F8E4952F2CC}
		{5ECFFF1B-0D64-496C-AF25-606CFD4979E6} = {8BE27CC9-EE8E-4571-AF1B-3F8E4952F2CC}
		{11533676-1F87-41E4-86CE-ED551C36A040} = {D87E0251-7E48-45D8-9E79-79B85A68B65F}
		{A97185A8-3F59-4BD9-A42B-80B0DCA3602B} = {8BE27CC9-EE8E-4571-AF1B-3F8E4952F2CC}
		{CC32D754-E8DB-4E10-94F3-75B67FC0CCB4} = {D87E0251-7E48-45D8-9E79-79B85A68B65F}
	EndGlobalSection
	GlobalSection(ExtensibilityGlobals) = postSolution
		SolutionGuid = {FDCFCEB4-2065-436D-AA62-62CF50DBDBB0}
	EndGlobalSection
EndGlobal
